// !$*UTF8*$!
{
	archiveVersion = 1;
	classes = {
	};
	objectVersion = 48;
	objects = {

/* Begin PBXBuildFile section */
		3EC799961F578FCC007E3E71 /* AppDelegate.swift in Sources */ = {isa = PBXBuildFile; fileRef = 3EC799951F578FCC007E3E71 /* AppDelegate.swift */; };
		3EC799981F578FCC007E3E71 /* ViewController.swift in Sources */ = {isa = PBXBuildFile; fileRef = 3EC799971F578FCC007E3E71 /* ViewController.swift */; };
		3EC7999B1F578FCC007E3E71 /* Main.storyboard in Resources */ = {isa = PBXBuildFile; fileRef = 3EC799991F578FCC007E3E71 /* Main.storyboard */; };
		3EC7999D1F578FCD007E3E71 /* Assets.xcassets in Resources */ = {isa = PBXBuildFile; fileRef = 3EC7999C1F578FCD007E3E71 /* Assets.xcassets */; };
		3EC799A01F578FCD007E3E71 /* LaunchScreen.storyboard in Resources */ = {isa = PBXBuildFile; fileRef = 3EC7999E1F578FCD007E3E71 /* LaunchScreen.storyboard */; };
		3EC799AB1F578FCD007E3E71 /* coder_swagTests.swift in Sources */ = {isa = PBXBuildFile; fileRef = 3EC799AA1F578FCD007E3E71 /* coder_swagTests.swift */; };
		3EC799B61F578FCD007E3E71 /* coder_swagUITests.swift in Sources */ = {isa = PBXBuildFile; fileRef = 3EC799B51F578FCD007E3E71 /* coder_swagUITests.swift */; };
/* End PBXBuildFile section */

/* Begin PBXContainerItemProxy section */
		3EC799A71F578FCD007E3E71 /* PBXContainerItemProxy */ = {
			isa = PBXContainerItemProxy;
			containerPortal = 3EC7998A1F578FCC007E3E71 /* Project object */;
			proxyType = 1;
			remoteGlobalIDString = 3EC799911F578FCC007E3E71;
			remoteInfo = "coder-swag";
		};
		3EC799B21F578FCD007E3E71 /* PBXContainerItemProxy */ = {
			isa = PBXContainerItemProxy;
			containerPortal = 3EC7998A1F578FCC007E3E71 /* Project object */;
			proxyType = 1;
			remoteGlobalIDString = 3EC799911F578FCC007E3E71;
			remoteInfo = "coder-swag";
		};
/* End PBXContainerItemProxy section */

/* Begin PBXFileReference section */
		3EC799921F578FCC007E3E71 /* coder-swag.app */ = {isa = PBXFileReference; explicitFileType = wrapper.application; includeInIndex = 0; path = "coder-swag.app"; sourceTree = BUILT_PRODUCTS_DIR; };
		3EC799951F578FCC007E3E71 /* AppDelegate.swift */ = {isa = PBXFileReference; lastKnownFileType = sourcecode.swift; path = AppDelegate.swift; sourceTree = "<group>"; };
		3EC799971F578FCC007E3E71 /* ViewController.swift */ = {isa = PBXFileReference; lastKnownFileType = sourcecode.swift; path = ViewController.swift; sourceTree = "<group>"; };
		3EC7999A1F578FCC007E3E71 /* Base */ = {isa = PBXFileReference; lastKnownFileType = file.storyboard; name = Base; path = Base.lproj/Main.storyboard; sourceTree = "<group>"; };
		3EC7999C1F578FCD007E3E71 /* Assets.xcassets */ = {isa = PBXFileReference; lastKnownFileType = folder.assetcatalog; path = Assets.xcassets; sourceTree = "<group>"; };
		3EC7999F1F578FCD007E3E71 /* Base */ = {isa = PBXFileReference; lastKnownFileType = file.storyboard; name = Base; path = Base.lproj/LaunchScreen.storyboard; sourceTree = "<group>"; };
		3EC799A11F578FCD007E3E71 /* Info.plist */ = {isa = PBXFileReference; lastKnownFileType = text.plist.xml; path = Info.plist; sourceTree = "<group>"; };
		3EC799A61F578FCD007E3E71 /* coder-swagTests.xctest */ = {isa = PBXFileReference; explicitFileType = wrapper.cfbundle; includeInIndex = 0; path = "coder-swagTests.xctest"; sourceTree = BUILT_PRODUCTS_DIR; };
		3EC799AA1F578FCD007E3E71 /* coder_swagTests.swift */ = {isa = PBXFileReference; lastKnownFileType = sourcecode.swift; path = coder_swagTests.swift; sourceTree = "<group>"; };
		3EC799AC1F578FCD007E3E71 /* Info.plist */ = {isa = PBXFileReference; lastKnownFileType = text.plist.xml; path = Info.plist; sourceTree = "<group>"; };
		3EC799B11F578FCD007E3E71 /* coder-swagUITests.xctest */ = {isa = PBXFileReference; explicitFileType = wrapper.cfbundle; includeInIndex = 0; path = "coder-swagUITests.xctest"; sourceTree = BUILT_PRODUCTS_DIR; };
		3EC799B51F578FCD007E3E71 /* coder_swagUITests.swift */ = {isa = PBXFileReference; lastKnownFileType = sourcecode.swift; path = coder_swagUITests.swift; sourceTree = "<group>"; };
		3EC799B71F578FCD007E3E71 /* Info.plist */ = {isa = PBXFileReference; lastKnownFileType = text.plist.xml; path = Info.plist; sourceTree = "<group>"; };
/* End PBXFileReference section */

/* Begin PBXFrameworksBuildPhase section */
		3EC7998F1F578FCC007E3E71 /* Frameworks */ = {
			isa = PBXFrameworksBuildPhase;
			buildActionMask = 2147483647;
			files = (
			);
			runOnlyForDeploymentPostprocessing = 0;
		};
		3EC799A31F578FCD007E3E71 /* Frameworks */ = {
			isa = PBXFrameworksBuildPhase;
			buildActionMask = 2147483647;
			files = (
			);
			runOnlyForDeploymentPostprocessing = 0;
		};
		3EC799AE1F578FCD007E3E71 /* Frameworks */ = {
			isa = PBXFrameworksBuildPhase;
			buildActionMask = 2147483647;
			files = (
			);
			runOnlyForDeploymentPostprocessing = 0;
		};
/* End PBXFrameworksBuildPhase section */

/* Begin PBXGroup section */
		3EC799891F578FCC007E3E71 = {
			isa = PBXGroup;
			children = (
				3EC799941F578FCC007E3E71 /* coder-swag */,
				3EC799A91F578FCD007E3E71 /* coder-swagTests */,
				3EC799B41F578FCD007E3E71 /* coder-swagUITests */,
				3EC799931F578FCC007E3E71 /* Products */,
			);
			sourceTree = "<group>";
		};
		3EC799931F578FCC007E3E71 /* Products */ = {
			isa = PBXGroup;
			children = (
				3EC799921F578FCC007E3E71 /* coder-swag.app */,
				3EC799A61F578FCD007E3E71 /* coder-swagTests.xctest */,
				3EC799B11F578FCD007E3E71 /* coder-swagUITests.xctest */,
			);
			name = Products;
			sourceTree = "<group>";
		};
		3EC799941F578FCC007E3E71 /* coder-swag */ = {
			isa = PBXGroup;
			children = (
				3EC799951F578FCC007E3E71 /* AppDelegate.swift */,
				3EC799971F578FCC007E3E71 /* ViewController.swift */,
				3EC799991F578FCC007E3E71 /* Main.storyboard */,
				3EC7999C1F578FCD007E3E71 /* Assets.xcassets */,
				3EC7999E1F578FCD007E3E71 /* LaunchScreen.storyboard */,
				3EC799A11F578FCD007E3E71 /* Info.plist */,
			);
			path = "coder-swag";
			sourceTree = "<group>";
		};
		3EC799A91F578FCD007E3E71 /* coder-swagTests */ = {
			isa = PBXGroup;
			children = (
				3EC799AA1F578FCD007E3E71 /* coder_swagTests.swift */,
				3EC799AC1F578FCD007E3E71 /* Info.plist */,
			);
			path = "coder-swagTests";
			sourceTree = "<group>";
		};
		3EC799B41F578FCD007E3E71 /* coder-swagUITests */ = {
			isa = PBXGroup;
			children = (
				3EC799B51F578FCD007E3E71 /* coder_swagUITests.swift */,
				3EC799B71F578FCD007E3E71 /* Info.plist */,
			);
			path = "coder-swagUITests";
			sourceTree = "<group>";
		};
/* End PBXGroup section */

/* Begin PBXNativeTarget section */
		3EC799911F578FCC007E3E71 /* coder-swag */ = {
			isa = PBXNativeTarget;
			buildConfigurationList = 3EC799BA1F578FCD007E3E71 /* Build configuration list for PBXNativeTarget "coder-swag" */;
			buildPhases = (
				3EC7998E1F578FCC007E3E71 /* Sources */,
				3EC7998F1F578FCC007E3E71 /* Frameworks */,
				3EC799901F578FCC007E3E71 /* Resources */,
			);
			buildRules = (
			);
			dependencies = (
			);
			name = "coder-swag";
			productName = "coder-swag";
			productReference = 3EC799921F578FCC007E3E71 /* coder-swag.app */;
			productType = "com.apple.product-type.application";
		};
		3EC799A51F578FCD007E3E71 /* coder-swagTests */ = {
			isa = PBXNativeTarget;
			buildConfigurationList = 3EC799BD1F578FCD007E3E71 /* Build configuration list for PBXNativeTarget "coder-swagTests" */;
			buildPhases = (
				3EC799A21F578FCD007E3E71 /* Sources */,
				3EC799A31F578FCD007E3E71 /* Frameworks */,
				3EC799A41F578FCD007E3E71 /* Resources */,
			);
			buildRules = (
			);
			dependencies = (
				3EC799A81F578FCD007E3E71 /* PBXTargetDependency */,
			);
			name = "coder-swagTests";
			productName = "coder-swagTests";
			productReference = 3EC799A61F578FCD007E3E71 /* coder-swagTests.xctest */;
			productType = "com.apple.product-type.bundle.unit-test";
		};
		3EC799B01F578FCD007E3E71 /* coder-swagUITests */ = {
			isa = PBXNativeTarget;
			buildConfigurationList = 3EC799C01F578FCD007E3E71 /* Build configuration list for PBXNativeTarget "coder-swagUITests" */;
			buildPhases = (
				3EC799AD1F578FCD007E3E71 /* Sources */,
				3EC799AE1F578FCD007E3E71 /* Frameworks */,
				3EC799AF1F578FCD007E3E71 /* Resources */,
			);
			buildRules = (
			);
			dependencies = (
				3EC799B31F578FCD007E3E71 /* PBXTargetDependency */,
			);
			name = "coder-swagUITests";
			productName = "coder-swagUITests";
			productReference = 3EC799B11F578FCD007E3E71 /* coder-swagUITests.xctest */;
			productType = "com.apple.product-type.bundle.ui-testing";
		};
/* End PBXNativeTarget section */

/* Begin PBXProject section */
		3EC7998A1F578FCC007E3E71 /* Project object */ = {
			isa = PBXProject;
			attributes = {
				LastSwiftUpdateCheck = 0900;
				LastUpgradeCheck = 0900;
				ORGANIZATIONNAME = "Jay Hall";
				TargetAttributes = {
					3EC799911F578FCC007E3E71 = {
						CreatedOnToolsVersion = 9.0;
						ProvisioningStyle = Automatic;
					};
					3EC799A51F578FCD007E3E71 = {
						CreatedOnToolsVersion = 9.0;
						ProvisioningStyle = Automatic;
						TestTargetID = 3EC799911F578FCC007E3E71;
					};
					3EC799B01F578FCD007E3E71 = {
						CreatedOnToolsVersion = 9.0;
						ProvisioningStyle = Automatic;
						TestTargetID = 3EC799911F578FCC007E3E71;
					};
				};
			};
			buildConfigurationList = 3EC7998D1F578FCC007E3E71 /* Build configuration list for PBXProject "coder-swag" */;
			compatibilityVersion = "Xcode 8.0";
			developmentRegion = en;
			hasScannedForEncodings = 0;
			knownRegions = (
				en,
				Base,
			);
			mainGroup = 3EC799891F578FCC007E3E71;
			productRefGroup = 3EC799931F578FCC007E3E71 /* Products */;
			projectDirPath = "";
			projectRoot = "";
			targets = (
				3EC799911F578FCC007E3E71 /* coder-swag */,
				3EC799A51F578FCD007E3E71 /* coder-swagTests */,
				3EC799B01F578FCD007E3E71 /* coder-swagUITests */,
			);
		};
/* End PBXProject section */

/* Begin PBXResourcesBuildPhase section */
		3EC799901F578FCC007E3E71 /* Resources */ = {
			isa = PBXResourcesBuildPhase;
			buildActionMask = 2147483647;
			files = (
				3EC799A01F578FCD007E3E71 /* LaunchScreen.storyboard in Resources */,
				3EC7999D1F578FCD007E3E71 /* Assets.xcassets in Resources */,
				3EC7999B1F578FCC007E3E71 /* Main.storyboard in Resources */,
			);
			runOnlyForDeploymentPostprocessing = 0;
		};
		3EC799A41F578FCD007E3E71 /* Resources */ = {
			isa = PBXResourcesBuildPhase;
			buildActionMask = 2147483647;
			files = (
			);
			runOnlyForDeploymentPostprocessing = 0;
		};
		3EC799AF1F578FCD007E3E71 /* Resources */ = {
			isa = PBXResourcesBuildPhase;
			buildActionMask = 2147483647;
			files = (
			);
			runOnlyForDeploymentPostprocessing = 0;
		};
/* End PBXResourcesBuildPhase section */

/* Begin PBXSourcesBuildPhase section */
		3EC7998E1F578FCC007E3E71 /* Sources */ = {
			isa = PBXSourcesBuildPhase;
			buildActionMask = 2147483647;
			files = (
				3EC799981F578FCC007E3E71 /* ViewController.swift in Sources */,
				3EC799961F578FCC007E3E71 /* AppDelegate.swift in Sources */,
			);
			runOnlyForDeploymentPostprocessing = 0;
		};
		3EC799A21F578FCD007E3E71 /* Sources */ = {
			isa = PBXSourcesBuildPhase;
			buildActionMask = 2147483647;
			files = (
				3EC799AB1F578FCD007E3E71 /* coder_swagTests.swift in Sources */,
			);
			runOnlyForDeploymentPostprocessing = 0;
		};
		3EC799AD1F578FCD007E3E71 /* Sources */ = {
			isa = PBXSourcesBuildPhase;
			buildActionMask = 2147483647;
			files = (
				3EC799B61F578FCD007E3E71 /* coder_swagUITests.swift in Sources */,
			);
			runOnlyForDeploymentPostprocessing = 0;
		};
/* End PBXSourcesBuildPhase section */

/* Begin PBXTargetDependency section */
		3EC799A81F578FCD007E3E71 /* PBXTargetDependency */ = {
			isa = PBXTargetDependency;
			target = 3EC799911F578FCC007E3E71 /* coder-swag */;
			targetProxy = 3EC799A71F578FCD007E3E71 /* PBXContainerItemProxy */;
		};
		3EC799B31F578FCD007E3E71 /* PBXTargetDependency */ = {
			isa = PBXTargetDependency;
			target = 3EC799911F578FCC007E3E71 /* coder-swag */;
			targetProxy = 3EC799B21F578FCD007E3E71 /* PBXContainerItemProxy */;
		};
/* End PBXTargetDependency section */

/* Begin PBXVariantGroup section */
		3EC799991F578FCC007E3E71 /* Main.storyboard */ = {
			isa = PBXVariantGroup;
			children = (
				3EC7999A1F578FCC007E3E71 /* Base */,
			);
			name = Main.storyboard;
			sourceTree = "<group>";
		};
		3EC7999E1F578FCD007E3E71 /* LaunchScreen.storyboard */ = {
			isa = PBXVariantGroup;
			children = (
				3EC7999F1F578FCD007E3E71 /* Base */,
			);
			name = LaunchScreen.storyboard;
			sourceTree = "<group>";
		};
/* End PBXVariantGroup section */

/* Begin XCBuildConfiguration section */
		3EC799B81F578FCD007E3E71 /* Debug */ = {
			isa = XCBuildConfiguration;
			buildSettings = {
				ALWAYS_SEARCH_USER_PATHS = NO;
				CLANG_ANALYZER_NONNULL = YES;
				CLANG_ANALYZER_NUMBER_OBJECT_CONVERSION = YES_AGGRESSIVE;
				CLANG_CXX_LANGUAGE_STANDARD = "gnu++14";
				CLANG_CXX_LIBRARY = "libc++";
				CLANG_ENABLE_MODULES = YES;
				CLANG_ENABLE_OBJC_ARC = YES;
				CLANG_WARN_BLOCK_CAPTURE_AUTORELEASING = YES;
				CLANG_WARN_BOOL_CONVERSION = YES;
				CLANG_WARN_COMMA = YES;
				CLANG_WARN_CONSTANT_CONVERSION = YES;
				CLANG_WARN_DIRECT_OBJC_ISA_USAGE = YES_ERROR;
				CLANG_WARN_DOCUMENTATION_COMMENTS = YES;
				CLANG_WARN_EMPTY_BODY = YES;
				CLANG_WARN_ENUM_CONVERSION = YES;
				CLANG_WARN_INFINITE_RECURSION = YES;
				CLANG_WARN_INT_CONVERSION = YES;
				CLANG_WARN_NON_LITERAL_NULL_CONVERSION = YES;
				CLANG_WARN_OBJC_LITERAL_CONVERSION = YES;
				CLANG_WARN_OBJC_ROOT_CLASS = YES_ERROR;
				CLANG_WARN_RANGE_LOOP_ANALYSIS = YES;
				CLANG_WARN_STRICT_PROTOTYPES = YES;
				CLANG_WARN_SUSPICIOUS_MOVE = YES;
				CLANG_WARN_UNGUARDED_AVAILABILITY = YES_AGGRESSIVE;
				CLANG_WARN_UNREACHABLE_CODE = YES;
				CLANG_WARN__DUPLICATE_METHOD_MATCH = YES;
				CODE_SIGN_IDENTITY = "iPhone Developer";
				COPY_PHASE_STRIP = NO;
				DEBUG_INFORMATION_FORMAT = dwarf;
				ENABLE_STRICT_OBJC_MSGSEND = YES;
				ENABLE_TESTABILITY = YES;
				GCC_C_LANGUAGE_STANDARD = gnu11;
				GCC_DYNAMIC_NO_PIC = NO;
				GCC_NO_COMMON_BLOCKS = YES;
				GCC_OPTIMIZATION_LEVEL = 0;
				GCC_PREPROCESSOR_DEFINITIONS = (
					"DEBUG=1",
					"$(inherited)",
				);
				GCC_WARN_64_TO_32_BIT_CONVERSION = YES;
				GCC_WARN_ABOUT_RETURN_TYPE = YES_ERROR;
				GCC_WARN_UNDECLARED_SELECTOR = YES;
				GCC_WARN_UNINITIALIZED_AUTOS = YES_AGGRESSIVE;
				GCC_WARN_UNUSED_FUNCTION = YES;
				GCC_WARN_UNUSED_VARIABLE = YES;
				IPHONEOS_DEPLOYMENT_TARGET = 11.0;
				MTL_ENABLE_DEBUG_INFO = YES;
				ONLY_ACTIVE_ARCH = YES;
				SDKROOT = iphoneos;
				SWIFT_ACTIVE_COMPILATION_CONDITIONS = DEBUG;
				SWIFT_OPTIMIZATION_LEVEL = "-Onone";
			};
			name = Debug;
		};
		3EC799B91F578FCD007E3E71 /* Release */ = {
			isa = XCBuildConfiguration;
			buildSettings = {
				ALWAYS_SEARCH_USER_PATHS = NO;
				CLANG_ANALYZER_NONNULL = YES;
				CLANG_ANALYZER_NUMBER_OBJECT_CONVERSION = YES_AGGRESSIVE;
				CLANG_CXX_LANGUAGE_STANDARD = "gnu++14";
				CLANG_CXX_LIBRARY = "libc++";
				CLANG_ENABLE_MODULES = YES;
				CLANG_ENABLE_OBJC_ARC = YES;
				CLANG_WARN_BLOCK_CAPTURE_AUTORELEASING = YES;
				CLANG_WARN_BOOL_CONVERSION = YES;
				CLANG_WARN_COMMA = YES;
				CLANG_WARN_CONSTANT_CONVERSION = YES;
				CLANG_WARN_DIRECT_OBJC_ISA_USAGE = YES_ERROR;
				CLANG_WARN_DOCUMENTATION_COMMENTS = YES;
				CLANG_WARN_EMPTY_BODY = YES;
				CLANG_WARN_ENUM_CONVERSION = YES;
				CLANG_WARN_INFINITE_RECURSION = YES;
				CLANG_WARN_INT_CONVERSION = YES;
				CLANG_WARN_NON_LITERAL_NULL_CONVERSION = YES;
				CLANG_WARN_OBJC_LITERAL_CONVERSION = YES;
				CLANG_WARN_OBJC_ROOT_CLASS = YES_ERROR;
				CLANG_WARN_RANGE_LOOP_ANALYSIS = YES;
				CLANG_WARN_STRICT_PROTOTYPES = YES;
				CLANG_WARN_SUSPICIOUS_MOVE = YES;
				CLANG_WARN_UNGUARDED_AVAILABILITY = YES_AGGRESSIVE;
				CLANG_WARN_UNREACHABLE_CODE = YES;
				CLANG_WARN__DUPLICATE_METHOD_MATCH = YES;
				CODE_SIGN_IDENTITY = "iPhone Developer";
				COPY_PHASE_STRIP = NO;
				DEBUG_INFORMATION_FORMAT = "dwarf-with-dsym";
				ENABLE_NS_ASSERTIONS = NO;
				ENABLE_STRICT_OBJC_MSGSEND = YES;
				GCC_C_LANGUAGE_STANDARD = gnu11;
				GCC_NO_COMMON_BLOCKS = YES;
				GCC_WARN_64_TO_32_BIT_CONVERSION = YES;
				GCC_WARN_ABOUT_RETURN_TYPE = YES_ERROR;
				GCC_WARN_UNDECLARED_SELECTOR = YES;
				GCC_WARN_UNINITIALIZED_AUTOS = YES_AGGRESSIVE;
				GCC_WARN_UNUSED_FUNCTION = YES;
				GCC_WARN_UNUSED_VARIABLE = YES;
				IPHONEOS_DEPLOYMENT_TARGET = 11.0;
				MTL_ENABLE_DEBUG_INFO = NO;
				SDKROOT = iphoneos;
				SWIFT_OPTIMIZATION_LEVEL = "-Owholemodule";
				VALIDATE_PRODUCT = YES;
			};
			name = Release;
		};
		3EC799BB1F578FCD007E3E71 /* Debug */ = {
			isa = XCBuildConfiguration;
			buildSettings = {
				ASSETCATALOG_COMPILER_APPICON_NAME = AppIcon;
				CODE_SIGN_STYLE = Automatic;
				DEVELOPMENT_TEAM = F624776B2A;
				INFOPLIST_FILE = "coder-swag/Info.plist";
				LD_RUNPATH_SEARCH_PATHS = "$(inherited) @executable_path/Frameworks";
				PRODUCT_BUNDLE_IDENTIFIER = "alpacalypse.coder-swag";
				PRODUCT_NAME = "$(TARGET_NAME)";
				SWIFT_VERSION = 4.0;
				TARGETED_DEVICE_FAMILY = "1,2";
			};
			name = Debug;
		};
		3EC799BC1F578FCD007E3E71 /* Release */ = {
			isa = XCBuildConfiguration;
			buildSettings = {
				ASSETCATALOG_COMPILER_APPICON_NAME = AppIcon;
				CODE_SIGN_STYLE = Automatic;
				DEVELOPMENT_TEAM = F624776B2A;
				INFOPLIST_FILE = "coder-swag/Info.plist";
				LD_RUNPATH_SEARCH_PATHS = "$(inherited) @executable_path/Frameworks";
				PRODUCT_BUNDLE_IDENTIFIER = "alpacalypse.coder-swag";
				PRODUCT_NAME = "$(TARGET_NAME)";
				SWIFT_VERSION = 4.0;
				TARGETED_DEVICE_FAMILY = "1,2";
			};
			name = Release;
		};
		3EC799BE1F578FCD007E3E71 /* Debug */ = {
			isa = XCBuildConfiguration;
			buildSettings = {
				ALWAYS_EMBED_SWIFT_STANDARD_LIBRARIES = YES;
				BUNDLE_LOADER = "$(TEST_HOST)";
				CODE_SIGN_STYLE = Automatic;
				DEVELOPMENT_TEAM = F624776B2A;
				INFOPLIST_FILE = "coder-swagTests/Info.plist";
				LD_RUNPATH_SEARCH_PATHS = "$(inherited) @executable_path/Frameworks @loader_path/Frameworks";
				PRODUCT_BUNDLE_IDENTIFIER = "alpacalypse.coder-swagTests";
				PRODUCT_NAME = "$(TARGET_NAME)";
				SWIFT_VERSION = 4.0;
				TARGETED_DEVICE_FAMILY = "1,2";
				TEST_HOST = "$(BUILT_PRODUCTS_DIR)/coder-swag.app/coder-swag";
			};
			name = Debug;
		};
		3EC799BF1F578FCD007E3E71 /* Release */ = {
			isa = XCBuildConfiguration;
			buildSettings = {
				ALWAYS_EMBED_SWIFT_STANDARD_LIBRARIES = YES;
				BUNDLE_LOADER = "$(TEST_HOST)";
				CODE_SIGN_STYLE = Automatic;
				DEVELOPMENT_TEAM = F624776B2A;
				INFOPLIST_FILE = "coder-swagTests/Info.plist";
				LD_RUNPATH_SEARCH_PATHS = "$(inherited) @executable_path/Frameworks @loader_path/Frameworks";
				PRODUCT_BUNDLE_IDENTIFIER = "alpacalypse.coder-swagTests";
				PRODUCT_NAME = "$(TARGET_NAME)";
				SWIFT_VERSION = 4.0;
				TARGETED_DEVICE_FAMILY = "1,2";
				TEST_HOST = "$(BUILT_PRODUCTS_DIR)/coder-swag.app/coder-swag";
			};
			name = Release;
		};
		3EC799C11F578FCD007E3E71 /* Debug */ = {
			isa = XCBuildConfiguration;
			buildSettings = {
				ALWAYS_EMBED_SWIFT_STANDARD_LIBRARIES = YES;
				CODE_SIGN_STYLE = Automatic;
				DEVELOPMENT_TEAM = F624776B2A;
				INFOPLIST_FILE = "coder-swagUITests/Info.plist";
				LD_RUNPATH_SEARCH_PATHS = "$(inherited) @executable_path/Frameworks @loader_path/Frameworks";
				PRODUCT_BUNDLE_IDENTIFIER = "alpacalypse.coder-swagUITests";
				PRODUCT_NAME = "$(TARGET_NAME)";
				SWIFT_VERSION = 4.0;
				TARGETED_DEVICE_FAMILY = "1,2";
				TEST_TARGET_NAME = "coder-swag";
			};
			name = Debug;
		};
		3EC799C21F578FCD007E3E71 /* Release */ = {
			isa = XCBuildConfiguration;
			buildSettings = {
				ALWAYS_EMBED_SWIFT_STANDARD_LIBRARIES = YES;
				CODE_SIGN_STYLE = Automatic;
				DEVELOPMENT_TEAM = F624776B2A;
				INFOPLIST_FILE = "coder-swagUITests/Info.plist";
				LD_RUNPATH_SEARCH_PATHS = "$(inherited) @executable_path/Frameworks @loader_path/Frameworks";
				PRODUCT_BUNDLE_IDENTIFIER = "alpacalypse.coder-swagUITests";
				PRODUCT_NAME = "$(TARGET_NAME)";
				SWIFT_VERSION = 4.0;
				TARGETED_DEVICE_FAMILY = "1,2";
				TEST_TARGET_NAME = "coder-swag";
			};
			name = Release;
		};
/* End XCBuildConfiguration section */

/* Begin XCConfigurationList section */
		3EC7998D1F578FCC007E3E71 /* Build configuration list for PBXProject "coder-swag" */ = {
			isa = XCConfigurationList;
			buildConfigurations = (
				3EC799B81F578FCD007E3E71 /* Debug */,
				3EC799B91F578FCD007E3E71 /* Release */,
			);
			defaultConfigurationIsVisible = 0;
			defaultConfigurationName = Release;
		};
		3EC799BA1F578FCD007E3E71 /* Build configuration list for PBXNativeTarget "coder-swag" */ = {
			isa = XCConfigurationList;
			buildConfigurations = (
				3EC799BB1F578FCD007E3E71 /* Debug */,
				3EC799BC1F578FCD007E3E71 /* Release */,
			);
			defaultConfigurationIsVisible = 0;
			defaultConfigurationName = Release;
		};
		3EC799BD1F578FCD007E3E71 /* Build configuration list for PBXNativeTarget "coder-swagTests" */ = {
			isa = XCConfigurationList;
			buildConfigurations = (
				3EC799BE1F578FCD007E3E71 /* Debug */,
				3EC799BF1F578FCD007E3E71 /* Release */,
			);
			defaultConfigurationIsVisible = 0;
			defaultConfigurationName = Release;
		};
		3EC799C01F578FCD007E3E71 /* Build configuration list for PBXNativeTarget "coder-swagUITests" */ = {
			isa = XCConfigurationList;
			buildConfigurations = (
				3EC799C11F578FCD007E3E71 /* Debug */,
				3EC799C21F578FCD007E3E71 /* Release */,
			);
			defaultConfigurationIsVisible = 0;
			defaultConfigurationName = Release;
		};
/* End XCConfigurationList section */
	};
	rootObject = 3EC7998A1F578FCC007E3E71 /* Project object */;
}
